
Microsoft Visual Studio Solution File, Format Version 12.00
# Visual Studio Version 17
VisualStudioVersion = 17.5.33516.290
MinimumVisualStudioVersion = 10.0.40219.1
Project("{FAE04EC0-301F-11D3-BF4B-00C04F79EFBC}") = "Lab2", "Lab2\Lab2.csproj", "{FA24C87F-D259-415D-91D9-D8ADA8BDCBEB}"
EndProject
Global
	GlobalSection(SolutionConfigurationPlatforms) = preSolution
		Debug|Any CPU = Debug|Any CPU
		Release|Any CPU = Release|Any CPU
	EndGlobalSection
	GlobalSection(ProjectConfigurationPlatforms) = postSolution
		{FA24C87F-D259-415D-91D9-D8ADA8BDCBEB}.Debug|Any CPU.ActiveCfg = Debug|Any CPU
		{FA24C87F-D259-415D-91D9-D8ADA8BDCBEB}.Debug|Any CPU.Build.0 = Debug|Any CPU
		{FA24C87F-D259-415D-91D9-D8ADA8BDCBEB}.Release|Any CPU.ActiveCfg = Release|Any CPU
		{FA24C87F-D259-415D-91D9-D8ADA8BDCBEB}.Release|Any CPU.Build.0 = Release|Any CPU
	EndGlobalSection
	GlobalSection(SolutionProperties) = preSolution
		HideSolutionNode = FALSE
	EndGlobalSection
	GlobalSection(ExtensibilityGlobals) = postSolution
		SolutionGuid = {DD355F8E-3097-479B-90E3-9D08E732D967}
	EndGlobalSection
EndGlobal
